// !$*UTF8*$!
{
	archiveVersion = 1;
	classes = {
	};
	objectVersion = 46;
	objects = {

/* Begin PBXBuildFile section */
		F77371631B9EC510002E8909 /* AppDelegate.swift in Sources */ = {isa = PBXBuildFile; fileRef = F77371621B9EC510002E8909 /* AppDelegate.swift */; };
		F77371681B9EC510002E8909 /* Main.storyboard in Resources */ = {isa = PBXBuildFile; fileRef = F77371661B9EC510002E8909 /* Main.storyboard */; };
		F773716A1B9EC510002E8909 /* Images.xcassets in Resources */ = {isa = PBXBuildFile; fileRef = F77371691B9EC510002E8909 /* Images.xcassets */; };
		F773716D1B9EC510002E8909 /* LaunchScreen.xib in Resources */ = {isa = PBXBuildFile; fileRef = F773716B1B9EC510002E8909 /* LaunchScreen.xib */; };
		F77371791B9EC510002E8909 /* DNReaderTests.swift in Sources */ = {isa = PBXBuildFile; fileRef = F77371781B9EC510002E8909 /* DNReaderTests.swift */; };
		F77371831B9EC861002E8909 /* NewsTopicsTableViewController.swift in Sources */ = {isa = PBXBuildFile; fileRef = F77371821B9EC861002E8909 /* NewsTopicsTableViewController.swift */; };
		F77371851B9EC891002E8909 /* NewsViewController.swift in Sources */ = {isa = PBXBuildFile; fileRef = F77371841B9EC891002E8909 /* NewsViewController.swift */; };
		F77371871B9EC8A4002E8909 /* ContainerViewController.swift in Sources */ = {isa = PBXBuildFile; fileRef = F77371861B9EC8A4002E8909 /* ContainerViewController.swift */; };
		F77371891B9EC8C1002E8909 /* XMLParser.swift in Sources */ = {isa = PBXBuildFile; fileRef = F77371881B9EC8C1002E8909 /* XMLParser.swift */; };
		F773718D1B9EF99A002E8909 /* Numbers.swift in Sources */ = {isa = PBXBuildFile; fileRef = F773718C1B9EF99A002E8909 /* Numbers.swift */; };
/* End PBXBuildFile section */

/* Begin PBXContainerItemProxy section */
		F77371731B9EC510002E8909 /* PBXContainerItemProxy */ = {
			isa = PBXContainerItemProxy;
			containerPortal = F77371551B9EC50F002E8909 /* Project object */;
			proxyType = 1;
			remoteGlobalIDString = F773715C1B9EC50F002E8909;
			remoteInfo = DNReader;
		};
/* End PBXContainerItemProxy section */

/* Begin PBXFileReference section */
		F773715D1B9EC510002E8909 /* DNReader.app */ = {isa = PBXFileReference; explicitFileType = wrapper.application; includeInIndex = 0; path = DNReader.app; sourceTree = BUILT_PRODUCTS_DIR; };
		F77371611B9EC510002E8909 /* Info.plist */ = {isa = PBXFileReference; lastKnownFileType = text.plist.xml; path = Info.plist; sourceTree = "<group>"; };
		F77371621B9EC510002E8909 /* AppDelegate.swift */ = {isa = PBXFileReference; lastKnownFileType = sourcecode.swift; path = AppDelegate.swift; sourceTree = "<group>"; };
		F77371671B9EC510002E8909 /* Base */ = {isa = PBXFileReference; lastKnownFileType = file.storyboard; name = Base; path = Base.lproj/Main.storyboard; sourceTree = "<group>"; };
		F77371691B9EC510002E8909 /* Images.xcassets */ = {isa = PBXFileReference; lastKnownFileType = folder.assetcatalog; path = Images.xcassets; sourceTree = "<group>"; };
		F773716C1B9EC510002E8909 /* Base */ = {isa = PBXFileReference; lastKnownFileType = file.xib; name = Base; path = Base.lproj/LaunchScreen.xib; sourceTree = "<group>"; };
		F77371721B9EC510002E8909 /* DNReaderTests.xctest */ = {isa = PBXFileReference; explicitFileType = wrapper.cfbundle; includeInIndex = 0; path = DNReaderTests.xctest; sourceTree = BUILT_PRODUCTS_DIR; };
		F77371771B9EC510002E8909 /* Info.plist */ = {isa = PBXFileReference; lastKnownFileType = text.plist.xml; path = Info.plist; sourceTree = "<group>"; };
		F77371781B9EC510002E8909 /* DNReaderTests.swift */ = {isa = PBXFileReference; lastKnownFileType = sourcecode.swift; path = DNReaderTests.swift; sourceTree = "<group>"; };
		F77371821B9EC861002E8909 /* NewsTopicsTableViewController.swift */ = {isa = PBXFileReference; fileEncoding = 4; lastKnownFileType = sourcecode.swift; path = NewsTopicsTableViewController.swift; sourceTree = "<group>"; };
		F77371841B9EC891002E8909 /* NewsViewController.swift */ = {isa = PBXFileReference; fileEncoding = 4; lastKnownFileType = sourcecode.swift; path = NewsViewController.swift; sourceTree = "<group>"; };
		F77371861B9EC8A4002E8909 /* ContainerViewController.swift */ = {isa = PBXFileReference; fileEncoding = 4; lastKnownFileType = sourcecode.swift; path = ContainerViewController.swift; sourceTree = "<group>"; };
		F77371881B9EC8C1002E8909 /* XMLParser.swift */ = {isa = PBXFileReference; fileEncoding = 4; lastKnownFileType = sourcecode.swift; path = XMLParser.swift; sourceTree = "<group>"; };
		F773718C1B9EF99A002E8909 /* Numbers.swift */ = {isa = PBXFileReference; fileEncoding = 4; lastKnownFileType = sourcecode.swift; path = Numbers.swift; sourceTree = "<group>"; };
/* End PBXFileReference section */

/* Begin PBXFrameworksBuildPhase section */
		F773715A1B9EC50F002E8909 /* Frameworks */ = {
			isa = PBXFrameworksBuildPhase;
			buildActionMask = 2147483647;
			files = (
			);
			runOnlyForDeploymentPostprocessing = 0;
		};
		F773716F1B9EC510002E8909 /* Frameworks */ = {
			isa = PBXFrameworksBuildPhase;
			buildActionMask = 2147483647;
			files = (
			);
			runOnlyForDeploymentPostprocessing = 0;
		};
/* End PBXFrameworksBuildPhase section */

/* Begin PBXGroup section */
		F77371541B9EC50F002E8909 = {
			isa = PBXGroup;
			children = (
				F773715F1B9EC510002E8909 /* DNReader */,
				F77371751B9EC510002E8909 /* DNReaderTests */,
				F773715E1B9EC510002E8909 /* Products */,
			);
			sourceTree = "<group>";
		};
		F773715E1B9EC510002E8909 /* Products */ = {
			isa = PBXGroup;
			children = (
				F773715D1B9EC510002E8909 /* DNReader.app */,
				F77371721B9EC510002E8909 /* DNReaderTests.xctest */,
			);
			name = Products;
			sourceTree = "<group>";
		};
		F773715F1B9EC510002E8909 /* DNReader */ = {
			isa = PBXGroup;
			children = (
				F773718B1B9EF974002E8909 /* Globals */,
				F773718A1B9ED117002E8909 /* Views */,
				F77371621B9EC510002E8909 /* AppDelegate.swift */,
				F77371881B9EC8C1002E8909 /* XMLParser.swift */,
				F77371661B9EC510002E8909 /* Main.storyboard */,
				F77371691B9EC510002E8909 /* Images.xcassets */,
				F773716B1B9EC510002E8909 /* LaunchScreen.xib */,
				F77371601B9EC510002E8909 /* Supporting Files */,
			);
			path = DNReader;
			sourceTree = "<group>";
		};
		F77371601B9EC510002E8909 /* Supporting Files */ = {
			isa = PBXGroup;
			children = (
				F77371611B9EC510002E8909 /* Info.plist */,
			);
			name = "Supporting Files";
			sourceTree = "<group>";
		};
		F77371751B9EC510002E8909 /* DNReaderTests */ = {
			isa = PBXGroup;
			children = (
				F77371781B9EC510002E8909 /* DNReaderTests.swift */,
				F77371761B9EC510002E8909 /* Supporting Files */,
			);
			path = DNReaderTests;
			sourceTree = "<group>";
		};
		F77371761B9EC510002E8909 /* Supporting Files */ = {
			isa = PBXGroup;
			children = (
				F77371771B9EC510002E8909 /* Info.plist */,
			);
			name = "Supporting Files";
			sourceTree = "<group>";
		};
		F773718A1B9ED117002E8909 /* Views */ = {
			isa = PBXGroup;
			children = (
				F77371821B9EC861002E8909 /* NewsTopicsTableViewController.swift */,
				F77371841B9EC891002E8909 /* NewsViewController.swift */,
				F77371861B9EC8A4002E8909 /* ContainerViewController.swift */,
			);
			name = Views;
			sourceTree = "<group>";
		};
		F773718B1B9EF974002E8909 /* Globals */ = {
			isa = PBXGroup;
			children = (
				F773718C1B9EF99A002E8909 /* Numbers.swift */,
			);
			name = Globals;
			sourceTree = "<group>";
		};
/* End PBXGroup section */

/* Begin PBXNativeTarget section */
		F773715C1B9EC50F002E8909 /* DNReader */ = {
			isa = PBXNativeTarget;
			buildConfigurationList = F773717C1B9EC510002E8909 /* Build configuration list for PBXNativeTarget "DNReader" */;
			buildPhases = (
				F77371591B9EC50F002E8909 /* Sources */,
				F773715A1B9EC50F002E8909 /* Frameworks */,
				F773715B1B9EC50F002E8909 /* Resources */,
			);
			buildRules = (
			);
			dependencies = (
			);
			name = DNReader;
			productName = DNReader;
			productReference = F773715D1B9EC510002E8909 /* DNReader.app */;
			productType = "com.apple.product-type.application";
		};
		F77371711B9EC510002E8909 /* DNReaderTests */ = {
			isa = PBXNativeTarget;
			buildConfigurationList = F773717F1B9EC510002E8909 /* Build configuration list for PBXNativeTarget "DNReaderTests" */;
			buildPhases = (
				F773716E1B9EC510002E8909 /* Sources */,
				F773716F1B9EC510002E8909 /* Frameworks */,
				F77371701B9EC510002E8909 /* Resources */,
			);
			buildRules = (
			);
			dependencies = (
				F77371741B9EC510002E8909 /* PBXTargetDependency */,
			);
			name = DNReaderTests;
			productName = DNReaderTests;
			productReference = F77371721B9EC510002E8909 /* DNReaderTests.xctest */;
			productType = "com.apple.product-type.bundle.unit-test";
		};
/* End PBXNativeTarget section */

/* Begin PBXProject section */
		F77371551B9EC50F002E8909 /* Project object */ = {
			isa = PBXProject;
			attributes = {
				LastUpgradeCheck = 0640;
				ORGANIZATIONNAME = Tactel;
				TargetAttributes = {
					F773715C1B9EC50F002E8909 = {
						CreatedOnToolsVersion = 6.4;
					};
					F77371711B9EC510002E8909 = {
						CreatedOnToolsVersion = 6.4;
						TestTargetID = F773715C1B9EC50F002E8909;
					};
				};
			};
			buildConfigurationList = F77371581B9EC50F002E8909 /* Build configuration list for PBXProject "DNReader" */;
			compatibilityVersion = "Xcode 3.2";
			developmentRegion = English;
			hasScannedForEncodings = 0;
			knownRegions = (
				en,
				Base,
			);
			mainGroup = F77371541B9EC50F002E8909;
			productRefGroup = F773715E1B9EC510002E8909 /* Products */;
			projectDirPath = "";
			projectRoot = "";
			targets = (
				F773715C1B9EC50F002E8909 /* DNReader */,
				F77371711B9EC510002E8909 /* DNReaderTests */,
			);
		};
/* End PBXProject section */

/* Begin PBXResourcesBuildPhase section */
		F773715B1B9EC50F002E8909 /* Resources */ = {
			isa = PBXResourcesBuildPhase;
			buildActionMask = 2147483647;
			files = (
				F77371681B9EC510002E8909 /* Main.storyboard in Resources */,
				F773716D1B9EC510002E8909 /* LaunchScreen.xib in Resources */,
				F773716A1B9EC510002E8909 /* Images.xcassets in Resources */,
			);
			runOnlyForDeploymentPostprocessing = 0;
		};
		F77371701B9EC510002E8909 /* Resources */ = {
			isa = PBXResourcesBuildPhase;
			buildActionMask = 2147483647;
			files = (
			);
			runOnlyForDeploymentPostprocessing = 0;
		};
/* End PBXResourcesBuildPhase section */

/* Begin PBXSourcesBuildPhase section */
		F77371591B9EC50F002E8909 /* Sources */ = {
			isa = PBXSourcesBuildPhase;
			buildActionMask = 2147483647;
			files = (
				F77371831B9EC861002E8909 /* NewsTopicsTableViewController.swift in Sources */,
				F77371891B9EC8C1002E8909 /* XMLParser.swift in Sources */,
				F773718D1B9EF99A002E8909 /* Numbers.swift in Sources */,
				F77371871B9EC8A4002E8909 /* ContainerViewController.swift in Sources */,
				F77371631B9EC510002E8909 /* AppDelegate.swift in Sources */,
				F77371851B9EC891002E8909 /* NewsViewController.swift in Sources */,
			);
			runOnlyForDeploymentPostprocessing = 0;
		};
		F773716E1B9EC510002E8909 /* Sources */ = {
			isa = PBXSourcesBuildPhase;
			buildActionMask = 2147483647;
			files = (
				F77371791B9EC510002E8909 /* DNReaderTests.swift in Sources */,
			);
			runOnlyForDeploymentPostprocessing = 0;
		};
/* End PBXSourcesBuildPhase section */

/* Begin PBXTargetDependency section */
		F77371741B9EC510002E8909 /* PBXTargetDependency */ = {
			isa = PBXTargetDependency;
			target = F773715C1B9EC50F002E8909 /* DNReader */;
			targetProxy = F77371731B9EC510002E8909 /* PBXContainerItemProxy */;
		};
/* End PBXTargetDependency section */

/* Begin PBXVariantGroup section */
		F77371661B9EC510002E8909 /* Main.storyboard */ = {
			isa = PBXVariantGroup;
			children = (
				F77371671B9EC510002E8909 /* Base */,
			);
			name = Main.storyboard;
			sourceTree = "<group>";
		};
		F773716B1B9EC510002E8909 /* LaunchScreen.xib */ = {
			isa = PBXVariantGroup;
			children = (
				F773716C1B9EC510002E8909 /* Base */,
			);
			name = LaunchScreen.xib;
			sourceTree = "<group>";
		};
/* End PBXVariantGroup section */

/* Begin XCBuildConfiguration section */
		F773717A1B9EC510002E8909 /* Debug */ = {
			isa = XCBuildConfiguration;
			buildSettings = {
				ALWAYS_SEARCH_USER_PATHS = NO;
				CLANG_CXX_LANGUAGE_STANDARD = "gnu++0x";
				CLANG_CXX_LIBRARY = "libc++";
				CLANG_ENABLE_MODULES = YES;
				CLANG_ENABLE_OBJC_ARC = YES;
				CLANG_WARN_BOOL_CONVERSION = YES;
				CLANG_WARN_CONSTANT_CONVERSION = YES;
				CLANG_WARN_DIRECT_OBJC_ISA_USAGE = YES_ERROR;
				CLANG_WARN_EMPTY_BODY = YES;
				CLANG_WARN_ENUM_CONVERSION = YES;
				CLANG_WARN_INT_CONVERSION = YES;
				CLANG_WARN_OBJC_ROOT_CLASS = YES_ERROR;
				CLANG_WARN_UNREACHABLE_CODE = YES;
				CLANG_WARN__DUPLICATE_METHOD_MATCH = YES;
				"CODE_SIGN_IDENTITY[sdk=iphoneos*]" = "iPhone Developer";
				COPY_PHASE_STRIP = NO;
				DEBUG_INFORMATION_FORMAT = "dwarf-with-dsym";
				ENABLE_STRICT_OBJC_MSGSEND = YES;
				GCC_C_LANGUAGE_STANDARD = gnu99;
				GCC_DYNAMIC_NO_PIC = NO;
				GCC_NO_COMMON_BLOCKS = YES;
				GCC_OPTIMIZATION_LEVEL = 0;
				GCC_PREPROCESSOR_DEFINITIONS = (
					"DEBUG=1",
					"$(inherited)",
				);
				GCC_SYMBOLS_PRIVATE_EXTERN = NO;
				GCC_WARN_64_TO_32_BIT_CONVERSION = YES;
				GCC_WARN_ABOUT_RETURN_TYPE = YES_ERROR;
				GCC_WARN_UNDECLARED_SELECTOR = YES;
				GCC_WARN_UNINITIALIZED_AUTOS = YES_AGGRESSIVE;
				GCC_WARN_UNUSED_FUNCTION = YES;
				GCC_WARN_UNUSED_VARIABLE = YES;
				IPHONEOS_DEPLOYMENT_TARGET = 8.4;
				MTL_ENABLE_DEBUG_INFO = YES;
				ONLY_ACTIVE_ARCH = YES;
				SDKROOT = iphoneos;
				SWIFT_OPTIMIZATION_LEVEL = "-Onone";
			};
			name = Debug;
		};
		F773717B1B9EC510002E8909 /* Release */ = {
			isa = XCBuildConfiguration;
			buildSettings = {
				ALWAYS_SEARCH_USER_PATHS = NO;
				CLANG_CXX_LANGUAGE_STANDARD = "gnu++0x";
				CLANG_CXX_LIBRARY = "libc++";
				CLANG_ENABLE_MODULES = YES;
				CLANG_ENABLE_OBJC_ARC = YES;
				CLANG_WARN_BOOL_CONVERSION = YES;
				CLANG_WARN_CONSTANT_CONVERSION = YES;
				CLANG_WARN_DIRECT_OBJC_ISA_USAGE = YES_ERROR;
				CLANG_WARN_EMPTY_BODY = YES;
				CLANG_WARN_ENUM_CONVERSION = YES;
				CLANG_WARN_INT_CONVERSION = YES;
				CLANG_WARN_OBJC_ROOT_CLASS = YES_ERROR;
				CLANG_WARN_UNREACHABLE_CODE = YES;
				CLANG_WARN__DUPLICATE_METHOD_MATCH = YES;
				"CODE_SIGN_IDENTITY[sdk=iphoneos*]" = "iPhone Developer";
				COPY_PHASE_STRIP = NO;
				DEBUG_INFORMATION_FORMAT = "dwarf-with-dsym";
				ENABLE_NS_ASSERTIONS = NO;
				ENABLE_STRICT_OBJC_MSGSEND = YES;
				GCC_C_LANGUAGE_STANDARD = gnu99;
				GCC_NO_COMMON_BLOCKS = YES;
				GCC_WARN_64_TO_32_BIT_CONVERSION = YES;
				GCC_WARN_ABOUT_RETURN_TYPE = YES_ERROR;
				GCC_WARN_UNDECLARED_SELECTOR = YES;
				GCC_WARN_UNINITIALIZED_AUTOS = YES_AGGRESSIVE;
				GCC_WARN_UNUSED_FUNCTION = YES;
				GCC_WARN_UNUSED_VARIABLE = YES;
				IPHONEOS_DEPLOYMENT_TARGET = 8.4;
				MTL_ENABLE_DEBUG_INFO = NO;
				SDKROOT = iphoneos;
				VALIDATE_PRODUCT = YES;
			};
			name = Release;
		};
		F773717D1B9EC510002E8909 /* Debug */ = {
			isa = XCBuildConfiguration;
			buildSettings = {
				ASSETCATALOG_COMPILER_APPICON_NAME = AppIcon;
				INFOPLIST_FILE = DNReader/Info.plist;
				LD_RUNPATH_SEARCH_PATHS = "$(inherited) @executable_path/Frameworks";
				PRODUCT_NAME = "$(TARGET_NAME)";
			};
			name = Debug;
		};
		F773717E1B9EC510002E8909 /* Release */ = {
			isa = XCBuildConfiguration;
			buildSettings = {
				ASSETCATALOG_COMPILER_APPICON_NAME = AppIcon;
				INFOPLIST_FILE = DNReader/Info.plist;
				LD_RUNPATH_SEARCH_PATHS = "$(inherited) @executable_path/Frameworks";
				PRODUCT_NAME = "$(TARGET_NAME)";
			};
			name = Release;
		};
		F77371801B9EC510002E8909 /* Debug */ = {
			isa = XCBuildConfiguration;
			buildSettings = {
				BUNDLE_LOADER = "$(TEST_HOST)";
				FRAMEWORK_SEARCH_PATHS = (
					"$(SDKROOT)/Developer/Library/Frameworks",
					"$(inherited)",
				);
				GCC_PREPROCESSOR_DEFINITIONS = (
					"DEBUG=1",
					"$(inherited)",
				);
				INFOPLIST_FILE = DNReaderTests/Info.plist;
				LD_RUNPATH_SEARCH_PATHS = "$(inherited) @executable_path/Frameworks @loader_path/Frameworks";
				PRODUCT_NAME = "$(TARGET_NAME)";
				TEST_HOST = "$(BUILT_PRODUCTS_DIR)/DNReader.app/DNReader";
			};
			name = Debug;
		};
		F77371811B9EC510002E8909 /* Release */ = {
			isa = XCBuildConfiguration;
			buildSettings = {
				BUNDLE_LOADER = "$(TEST_HOST)";
				FRAMEWORK_SEARCH_PATHS = (
					"$(SDKROOT)/Developer/Library/Frameworks",
					"$(inherited)",
				);
				INFOPLIST_FILE = DNReaderTests/Info.plist;
				LD_RUNPATH_SEARCH_PATHS = "$(inherited) @executable_path/Frameworks @loader_path/Frameworks";
				PRODUCT_NAME = "$(TARGET_NAME)";
				TEST_HOST = "$(BUILT_PRODUCTS_DIR)/DNReader.app/DNReader";
			};
			name = Release;
		};
/* End XCBuildConfiguration section */

/* Begin XCConfigurationList section */
		F77371581B9EC50F002E8909 /* Build configuration list for PBXProject "DNReader" */ = {
			isa = XCConfigurationList;
			buildConfigurations = (
				F773717A1B9EC510002E8909 /* Debug */,
				F773717B1B9EC510002E8909 /* Release */,
			);
			defaultConfigurationIsVisible = 0;
			defaultConfigurationName = Release;
		};
		F773717C1B9EC510002E8909 /* Build configuration list for PBXNativeTarget "DNReader" */ = {
			isa = XCConfigurationList;
			buildConfigurations = (
				F773717D1B9EC510002E8909 /* Debug */,
				F773717E1B9EC510002E8909 /* Release */,
			);
			defaultConfigurationIsVisible = 0;
		};
		F773717F1B9EC510002E8909 /* Build configuration list for PBXNativeTarget "DNReaderTests" */ = {
			isa = XCConfigurationList;
			buildConfigurations = (
				F77371801B9EC510002E8909 /* Debug */,
				F77371811B9EC510002E8909 /* Release */,
			);
			defaultConfigurationIsVisible = 0;
		};
/* End XCConfigurationList section */
	};
	rootObject = F77371551B9EC50F002E8909 /* Project object */;
}
